
Microsoft Visual Studio Solution File, Format Version 12.00
# Visual Studio 15
VisualStudioVersion = 15.0.26124.0
MinimumVisualStudioVersion = 15.0.26124.0
Project("{FAE04EC0-301F-11D3-BF4B-00C04F79EFBC}") = "MyMath", "MyMath\MyMath.csproj", "{0890BDEA-C7D5-48FC-AB5A-F1831A9D0F5D}"
EndProject
Project("{FAE04EC0-301F-11D3-BF4B-00C04F79EFBC}") = "MyMath.Tests", "MyMath.Tests\MyMath.Tests.csproj", "{E6CA1556-3B60-4253-A6A5-F439873DBD73}"
EndProject
Global
	GlobalSection(SolutionConfigurationPlatforms) = preSolution
		Debug|Any CPU = Debug|Any CPU
		Debug|x64 = Debug|x64
		Debug|x86 = Debug|x86
		Release|Any CPU = Release|Any CPU
		Release|x64 = Release|x64
		Release|x86 = Release|x86
	EndGlobalSection
	GlobalSection(SolutionProperties) = preSolution
		HideSolutionNode = FALSE
	EndGlobalSection
	GlobalSection(ProjectConfigurationPlatforms) = postSolution
		{0890BDEA-C7D5-48FC-AB5A-F1831A9D0F5D}.Debug|Any CPU.ActiveCfg = Debug|Any CPU
		{0890BDEA-C7D5-48FC-AB5A-F1831A9D0F5D}.Debug|Any CPU.Build.0 = Debug|Any CPU
		{0890BDEA-C7D5-48FC-AB5A-F1831A9D0F5D}.Debug|x64.ActiveCfg = Debug|Any CPU
		{0890BDEA-C7D5-48FC-AB5A-F1831A9D0F5D}.Debug|x64.Build.0 = Debug|Any CPU
		{0890BDEA-C7D5-48FC-AB5A-F1831A9D0F5D}.Debug|x86.ActiveCfg = Debug|Any CPU
		{0890BDEA-C7D5-48FC-AB5A-F1831A9D0F5D}.Debug|x86.Build.0 = Debug|Any CPU
		{0890BDEA-C7D5-48FC-AB5A-F1831A9D0F5D}.Release|Any CPU.ActiveCfg = Release|Any CPU
		{0890BDEA-C7D5-48FC-AB5A-F1831A9D0F5D}.Release|Any CPU.Build.0 = Release|Any CPU
		{0890BDEA-C7D5-48FC-AB5A-F1831A9D0F5D}.Release|x64.ActiveCfg = Release|Any CPU
		{0890BDEA-C7D5-48FC-AB5A-F1831A9D0F5D}.Release|x64.Build.0 = Release|Any CPU
		{0890BDEA-C7D5-48FC-AB5A-F1831A9D0F5D}.Release|x86.ActiveCfg = Release|Any CPU
		{0890BDEA-C7D5-48FC-AB5A-F1831A9D0F5D}.Release|x86.Build.0 = Release|Any CPU
		{E6CA1556-3B60-4253-A6A5-F439873DBD73}.Debug|Any CPU.ActiveCfg = Debug|Any CPU
		{E6CA1556-3B60-4253-A6A5-F439873DBD73}.Debug|Any CPU.Build.0 = Debug|Any CPU
		{E6CA1556-3B60-4253-A6A5-F439873DBD73}.Debug|x64.ActiveCfg = Debug|Any CPU
		{E6CA1556-3B60-4253-A6A5-F439873DBD73}.Debug|x64.Build.0 = Debug|Any CPU
		{E6CA1556-3B60-4253-A6A5-F439873DBD73}.Debug|x86.ActiveCfg = Debug|Any CPU
		{E6CA1556-3B60-4253-A6A5-F439873DBD73}.Debug|x86.Build.0 = Debug|Any CPU
		{E6CA1556-3B60-4253-A6A5-F439873DBD73}.Release|Any CPU.ActiveCfg = Release|Any CPU
		{E6CA1556-3B60-4253-A6A5-F439873DBD73}.Release|Any CPU.Build.0 = Release|Any CPU
		{E6CA1556-3B60-4253-A6A5-F439873DBD73}.Release|x64.ActiveCfg = Release|Any CPU
		{E6CA1556-3B60-4253-A6A5-F439873DBD73}.Release|x64.Build.0 = Release|Any CPU
		{E6CA1556-3B60-4253-A6A5-F439873DBD73}.Release|x86.ActiveCfg = Release|Any CPU
		{E6CA1556-3B60-4253-A6A5-F439873DBD73}.Release|x86.Build.0 = Release|Any CPU
	EndGlobalSection
EndGlobal
