
Microsoft Visual Studio Solution File, Format Version 12.00
# Visual Studio Version 17
VisualStudioVersion = 17.1.32328.378
MinimumVisualStudioVersion = 10.0.40219.1
Project("{FAE04EC0-301F-11D3-BF4B-00C04F79EFBC}") = "MyMath", "MyMath\MyMath.csproj", "{BD4C3128-561D-411C-88BA-3B48AEDE550F}"
EndProject
Project("{FAE04EC0-301F-11D3-BF4B-00C04F79EFBC}") = "MyMath.Tests", "MyMath.Tests\MyMath.Tests.csproj", "{9574525F-D2C5-4DA2-8813-C78F4FBF192C}"
EndProject
Global
	GlobalSection(SolutionConfigurationPlatforms) = preSolution
		Debug|Any CPU = Debug|Any CPU
		Release|Any CPU = Release|Any CPU
	EndGlobalSection
	GlobalSection(ProjectConfigurationPlatforms) = postSolution
		{BD4C3128-561D-411C-88BA-3B48AEDE550F}.Debug|Any CPU.ActiveCfg = Debug|Any CPU
		{BD4C3128-561D-411C-88BA-3B48AEDE550F}.Debug|Any CPU.Build.0 = Debug|Any CPU
		{BD4C3128-561D-411C-88BA-3B48AEDE550F}.Release|Any CPU.ActiveCfg = Release|Any CPU
		{BD4C3128-561D-411C-88BA-3B48AEDE550F}.Release|Any CPU.Build.0 = Release|Any CPU
		{9574525F-D2C5-4DA2-8813-C78F4FBF192C}.Debug|Any CPU.ActiveCfg = Debug|Any CPU
		{9574525F-D2C5-4DA2-8813-C78F4FBF192C}.Debug|Any CPU.Build.0 = Debug|Any CPU
		{9574525F-D2C5-4DA2-8813-C78F4FBF192C}.Release|Any CPU.ActiveCfg = Release|Any CPU
		{9574525F-D2C5-4DA2-8813-C78F4FBF192C}.Release|Any CPU.Build.0 = Release|Any CPU
	EndGlobalSection
	GlobalSection(SolutionProperties) = preSolution
		HideSolutionNode = FALSE
	EndGlobalSection
	GlobalSection(ExtensibilityGlobals) = postSolution
		SolutionGuid = {C68B334A-9FB3-4AB6-A555-378BEB10364C}
	EndGlobalSection
EndGlobal
