
Microsoft Visual Studio Solution File, Format Version 12.00
# Visual Studio Version 17
VisualStudioVersion = 17.1.32328.378
MinimumVisualStudioVersion = 10.0.40219.1
Project("{FAE04EC0-301F-11D3-BF4B-00C04F79EFBC}") = "Text", "Text\Text.csproj", "{442A0DE3-10A2-486C-8C0A-27AE39BC53B6}"
EndProject
Project("{FAE04EC0-301F-11D3-BF4B-00C04F79EFBC}") = "Text.Tests", "Text.Tests\Text.Tests.csproj", "{2E3090BF-DF30-4E3F-9053-573886C1F121}"
EndProject
Global
	GlobalSection(SolutionConfigurationPlatforms) = preSolution
		Debug|Any CPU = Debug|Any CPU
		Release|Any CPU = Release|Any CPU
	EndGlobalSection
	GlobalSection(ProjectConfigurationPlatforms) = postSolution
		{442A0DE3-10A2-486C-8C0A-27AE39BC53B6}.Debug|Any CPU.ActiveCfg = Debug|Any CPU
		{442A0DE3-10A2-486C-8C0A-27AE39BC53B6}.Debug|Any CPU.Build.0 = Debug|Any CPU
		{442A0DE3-10A2-486C-8C0A-27AE39BC53B6}.Release|Any CPU.ActiveCfg = Release|Any CPU
		{442A0DE3-10A2-486C-8C0A-27AE39BC53B6}.Release|Any CPU.Build.0 = Release|Any CPU
		{2E3090BF-DF30-4E3F-9053-573886C1F121}.Debug|Any CPU.ActiveCfg = Debug|Any CPU
		{2E3090BF-DF30-4E3F-9053-573886C1F121}.Debug|Any CPU.Build.0 = Debug|Any CPU
		{2E3090BF-DF30-4E3F-9053-573886C1F121}.Release|Any CPU.ActiveCfg = Release|Any CPU
		{2E3090BF-DF30-4E3F-9053-573886C1F121}.Release|Any CPU.Build.0 = Release|Any CPU
	EndGlobalSection
	GlobalSection(SolutionProperties) = preSolution
		HideSolutionNode = FALSE
	EndGlobalSection
	GlobalSection(ExtensibilityGlobals) = postSolution
		SolutionGuid = {AAD0EA17-67EB-453A-AB45-1D8EEEB29E51}
	EndGlobalSection
EndGlobal
